
Microsoft Visual Studio Solution File, Format Version 12.00
# Visual Studio Version 16
VisualStudioVersion = 16.0.29709.97
MinimumVisualStudioVersion = 10.0.40219.1
Project("{9A19103F-16F7-4668-BE54-9A1E7A4F7556}") = "Ders1", "Ders1.csproj", "{18172B22-729F-4837-A14F-3B0E67705F29}"
EndProject
Project("{9A19103F-16F7-4668-BE54-9A1E7A4F7556}") = "Ders1Donguler", "..\Ders1Donguler\Ders1Donguler.csproj", "{AD776FFC-9BA8-4318-91F8-E82846F69D77}"
EndProject
Project("{9A19103F-16F7-4668-BE54-9A1E7A4F7556}") = "ders1Class", "..\ders1Class\ders1Class.csproj", "{9EDB1743-5FA5-4FB3-9584-A1E64A58A291}"
EndProject
Project("{9A19103F-16F7-4668-BE54-9A1E7A4F7556}") = "Ders2Methods", "..\Ders2Methods\Ders2Methods.csproj", "{8147E9FF-B69C-4C42-B8AB-C4370E9F9728}"
EndProject
Project("{9A19103F-16F7-4668-BE54-9A1E7A4F7556}") = "Ders2Matematik", "..\Ders2Matematik\Ders2Matematik.csproj", "{7BFBCC86-3E8A-4118-AFD4-5D9A7A78FF42}"
EndProject
Project("{9A19103F-16F7-4668-BE54-9A1E7A4F7556}") = "Ders2DegerVeReferansTipler", "..\DegerVeReferansTipler\Ders2DegerVeReferansTipler.csproj", "{381F7D4D-1168-4691-A337-2AF20A7F5591}"
EndProject
Project("{FAE04EC0-301F-11D3-BF4B-00C04F79EFBC}") = "Ders3OOP", "..\Ders3OOP\Ders3OOP.csproj", "{44EFFF31-1CD2-4574-92CA-F44BEC2C0239}"
EndProject
Project("{FAE04EC0-301F-11D3-BF4B-00C04F79EFBC}") = "Ders3Koleksiyonlar", "..\Ders3Koleksiyonlar\Ders3Koleksiyonlar.csproj", "{A87E1A88-BFF5-4573-ADEF-72317A733880}"
EndProject
Project("{FAE04EC0-301F-11D3-BF4B-00C04F79EFBC}") = "Ders3GenericsIntro", "..\Ders3GenericsIntro\Ders3GenericsIntro.csproj", "{BF185476-296E-43A6-B4EC-8BA2A2E1336C}"
EndProject
Project("{FAE04EC0-301F-11D3-BF4B-00C04F79EFBC}") = "Ders4OOP2", "..\Ders4OOP2\Ders4OOP2.csproj", "{39A1D73A-5212-4445-9C51-7BDD1349BD24}"
EndProject
Project("{FAE04EC0-301F-11D3-BF4B-00C04F79EFBC}") = "Ders4OOP3", "..\Ders4OOP3\Ders4OOP3.csproj", "{0BFE0541-8A02-4A69-A24B-3ECB6EFFD895}"
EndProject
Global
	GlobalSection(SolutionConfigurationPlatforms) = preSolution
		Debug|Any CPU = Debug|Any CPU
		Release|Any CPU = Release|Any CPU
	EndGlobalSection
	GlobalSection(ProjectConfigurationPlatforms) = postSolution
		{18172B22-729F-4837-A14F-3B0E67705F29}.Debug|Any CPU.ActiveCfg = Debug|Any CPU
		{18172B22-729F-4837-A14F-3B0E67705F29}.Debug|Any CPU.Build.0 = Debug|Any CPU
		{18172B22-729F-4837-A14F-3B0E67705F29}.Release|Any CPU.ActiveCfg = Release|Any CPU
		{18172B22-729F-4837-A14F-3B0E67705F29}.Release|Any CPU.Build.0 = Release|Any CPU
		{AD776FFC-9BA8-4318-91F8-E82846F69D77}.Debug|Any CPU.ActiveCfg = Debug|Any CPU
		{AD776FFC-9BA8-4318-91F8-E82846F69D77}.Debug|Any CPU.Build.0 = Debug|Any CPU
		{AD776FFC-9BA8-4318-91F8-E82846F69D77}.Release|Any CPU.ActiveCfg = Release|Any CPU
		{AD776FFC-9BA8-4318-91F8-E82846F69D77}.Release|Any CPU.Build.0 = Release|Any CPU
		{9EDB1743-5FA5-4FB3-9584-A1E64A58A291}.Debug|Any CPU.ActiveCfg = Debug|Any CPU
		{9EDB1743-5FA5-4FB3-9584-A1E64A58A291}.Debug|Any CPU.Build.0 = Debug|Any CPU
		{9EDB1743-5FA5-4FB3-9584-A1E64A58A291}.Release|Any CPU.ActiveCfg = Release|Any CPU
		{9EDB1743-5FA5-4FB3-9584-A1E64A58A291}.Release|Any CPU.Build.0 = Release|Any CPU
		{8147E9FF-B69C-4C42-B8AB-C4370E9F9728}.Debug|Any CPU.ActiveCfg = Debug|Any CPU
		{8147E9FF-B69C-4C42-B8AB-C4370E9F9728}.Debug|Any CPU.Build.0 = Debug|Any CPU
		{8147E9FF-B69C-4C42-B8AB-C4370E9F9728}.Release|Any CPU.ActiveCfg = Release|Any CPU
		{8147E9FF-B69C-4C42-B8AB-C4370E9F9728}.Release|Any CPU.Build.0 = Release|Any CPU
		{7BFBCC86-3E8A-4118-AFD4-5D9A7A78FF42}.Debug|Any CPU.ActiveCfg = Debug|Any CPU
		{7BFBCC86-3E8A-4118-AFD4-5D9A7A78FF42}.Debug|Any CPU.Build.0 = Debug|Any CPU
		{7BFBCC86-3E8A-4118-AFD4-5D9A7A78FF42}.Release|Any CPU.ActiveCfg = Release|Any CPU
		{7BFBCC86-3E8A-4118-AFD4-5D9A7A78FF42}.Release|Any CPU.Build.0 = Release|Any CPU
		{381F7D4D-1168-4691-A337-2AF20A7F5591}.Debug|Any CPU.ActiveCfg = Debug|Any CPU
		{381F7D4D-1168-4691-A337-2AF20A7F5591}.Debug|Any CPU.Build.0 = Debug|Any CPU
		{381F7D4D-1168-4691-A337-2AF20A7F5591}.Release|Any CPU.ActiveCfg = Release|Any CPU
		{381F7D4D-1168-4691-A337-2AF20A7F5591}.Release|Any CPU.Build.0 = Release|Any CPU
		{44EFFF31-1CD2-4574-92CA-F44BEC2C0239}.Debug|Any CPU.ActiveCfg = Debug|Any CPU
		{44EFFF31-1CD2-4574-92CA-F44BEC2C0239}.Debug|Any CPU.Build.0 = Debug|Any CPU
		{44EFFF31-1CD2-4574-92CA-F44BEC2C0239}.Release|Any CPU.ActiveCfg = Release|Any CPU
		{44EFFF31-1CD2-4574-92CA-F44BEC2C0239}.Release|Any CPU.Build.0 = Release|Any CPU
		{A87E1A88-BFF5-4573-ADEF-72317A733880}.Debug|Any CPU.ActiveCfg = Debug|Any CPU
		{A87E1A88-BFF5-4573-ADEF-72317A733880}.Debug|Any CPU.Build.0 = Debug|Any CPU
		{A87E1A88-BFF5-4573-ADEF-72317A733880}.Release|Any CPU.ActiveCfg = Release|Any CPU
		{A87E1A88-BFF5-4573-ADEF-72317A733880}.Release|Any CPU.Build.0 = Release|Any CPU
		{BF185476-296E-43A6-B4EC-8BA2A2E1336C}.Debug|Any CPU.ActiveCfg = Debug|Any CPU
		{BF185476-296E-43A6-B4EC-8BA2A2E1336C}.Debug|Any CPU.Build.0 = Debug|Any CPU
		{BF185476-296E-43A6-B4EC-8BA2A2E1336C}.Release|Any CPU.ActiveCfg = Release|Any CPU
		{BF185476-296E-43A6-B4EC-8BA2A2E1336C}.Release|Any CPU.Build.0 = Release|Any CPU
		{39A1D73A-5212-4445-9C51-7BDD1349BD24}.Debug|Any CPU.ActiveCfg = Debug|Any CPU
		{39A1D73A-5212-4445-9C51-7BDD1349BD24}.Debug|Any CPU.Build.0 = Debug|Any CPU
		{39A1D73A-5212-4445-9C51-7BDD1349BD24}.Release|Any CPU.ActiveCfg = Release|Any CPU
		{39A1D73A-5212-4445-9C51-7BDD1349BD24}.Release|Any CPU.Build.0 = Release|Any CPU
		{0BFE0541-8A02-4A69-A24B-3ECB6EFFD895}.Debug|Any CPU.ActiveCfg = Debug|Any CPU
		{0BFE0541-8A02-4A69-A24B-3ECB6EFFD895}.Debug|Any CPU.Build.0 = Debug|Any CPU
		{0BFE0541-8A02-4A69-A24B-3ECB6EFFD895}.Release|Any CPU.ActiveCfg = Release|Any CPU
		{0BFE0541-8A02-4A69-A24B-3ECB6EFFD895}.Release|Any CPU.Build.0 = Release|Any CPU
	EndGlobalSection
	GlobalSection(SolutionProperties) = preSolution
		HideSolutionNode = FALSE
	EndGlobalSection
	GlobalSection(ExtensibilityGlobals) = postSolution
		SolutionGuid = {C23B6E68-D684-4E15-BF5C-DE375B9B0909}
	EndGlobalSection
EndGlobal
